
Microsoft Visual Studio Solution File, Format Version 12.00
# Visual Studio Version 17
VisualStudioVersion = 17.12.35527.113 d17.12
MinimumVisualStudioVersion = 10.0.40219.1
Project("{FAE04EC0-301F-11D3-BF4B-00C04F79EFBC}") = "MultiTenantSaas.Web", "MultiTenantSaas.Web.csproj", "{B530A3C6-BDA9-44C2-8664-04B4CC6F2CAC}"
EndProject
Global
	GlobalSection(SolutionConfigurationPlatforms) = preSolution
		Debug|Any CPU = Debug|Any CPU
		Release|Any CPU = Release|Any CPU
	EndGlobalSection
	GlobalSection(ProjectConfigurationPlatforms) = postSolution
		{B530A3C6-BDA9-44C2-8664-04B4CC6F2CAC}.Debug|Any CPU.ActiveCfg = Debug|Any CPU
		{B530A3C6-BDA9-44C2-8664-04B4CC6F2CAC}.Debug|Any CPU.Build.0 = Debug|Any CPU
		{B530A3C6-BDA9-44C2-8664-04B4CC6F2CAC}.Release|Any CPU.ActiveCfg = Release|Any CPU
		{B530A3C6-BDA9-44C2-8664-04B4CC6F2CAC}.Release|Any CPU.Build.0 = Release|Any CPU
	EndGlobalSection
	GlobalSection(SolutionProperties) = preSolution
		HideSolutionNode = FALSE
	EndGlobalSection
EndGlobal
